
Microsoft Visual Studio Solution File, Format Version 12.00
# Visual Studio Version 17
VisualStudioVersion = 17.7.34031.279
MinimumVisualStudioVersion = 10.0.40219.1
Project("{FAE04EC0-301F-11D3-BF4B-00C04F79EFBC}") = "ColorApp", "ColorApp\ColorApp.csproj", "{8FA8A357-DFB5-42A6-BDCF-9774E0B358EB}"
EndProject
Global
	GlobalSection(SolutionConfigurationPlatforms) = preSolution
		Debug|Any CPU = Debug|Any CPU
		Release|Any CPU = Release|Any CPU
	EndGlobalSection
	GlobalSection(ProjectConfigurationPlatforms) = postSolution
		{8FA8A357-DFB5-42A6-BDCF-9774E0B358EB}.Debug|Any CPU.ActiveCfg = Debug|Any CPU
		{8FA8A357-DFB5-42A6-BDCF-9774E0B358EB}.Debug|Any CPU.Build.0 = Debug|Any CPU
		{8FA8A357-DFB5-42A6-BDCF-9774E0B358EB}.Release|Any CPU.ActiveCfg = Release|Any CPU
		{8FA8A357-DFB5-42A6-BDCF-9774E0B358EB}.Release|Any CPU.Build.0 = Release|Any CPU
	EndGlobalSection
	GlobalSection(SolutionProperties) = preSolution
		HideSolutionNode = FALSE
	EndGlobalSection
	GlobalSection(ExtensibilityGlobals) = postSolution
		SolutionGuid = {30C01EA4-62BB-46B8-B11A-28A5AF9B599E}
	EndGlobalSection
EndGlobal
